// !$*UTF8*$!
{
	archiveVersion = 1;
	classes = {
	};
	objectVersion = 55;
	objects = {

/* Begin PBXBuildFile section */
		6F351A756EEDCD94D343AEE1 /* Pods_URLSession_Alamofire.framework in Frameworks */ = {isa = PBXBuildFile; fileRef = 461C83A5294BA012DD9CCCF5 /* Pods_URLSession_Alamofire.framework */; };
		863B400828E4705C002A94C9 /* Model.swift in Sources */ = {isa = PBXBuildFile; fileRef = 863B400728E4705C002A94C9 /* Model.swift */; };
		863B400A28E473B2002A94C9 /* Networking.swift in Sources */ = {isa = PBXBuildFile; fileRef = 863B400928E473B2002A94C9 /* Networking.swift */; };
		863B400E28E4766F002A94C9 /* ListView.swift in Sources */ = {isa = PBXBuildFile; fileRef = 863B400D28E4766F002A94C9 /* ListView.swift */; };
		863B401028E4A973002A94C9 /* AlamofireView.swift in Sources */ = {isa = PBXBuildFile; fileRef = 863B400F28E4A973002A94C9 /* AlamofireView.swift */; };
		863B401228E4A979002A94C9 /* SessionView.swift in Sources */ = {isa = PBXBuildFile; fileRef = 863B401128E4A979002A94C9 /* SessionView.swift */; };
		86A9819C28E46B9500E11C9E /* URLSession_AlamofireApp.swift in Sources */ = {isa = PBXBuildFile; fileRef = 86A9819B28E46B9500E11C9E /* URLSession_AlamofireApp.swift */; };
		86A9819E28E46B9500E11C9E /* ContentView.swift in Sources */ = {isa = PBXBuildFile; fileRef = 86A9819D28E46B9500E11C9E /* ContentView.swift */; };
		86A981A028E46B9700E11C9E /* Assets.xcassets in Resources */ = {isa = PBXBuildFile; fileRef = 86A9819F28E46B9700E11C9E /* Assets.xcassets */; };
		86A981A328E46B9700E11C9E /* Preview Assets.xcassets in Resources */ = {isa = PBXBuildFile; fileRef = 86A981A228E46B9700E11C9E /* Preview Assets.xcassets */; };
/* End PBXBuildFile section */

/* Begin PBXFileReference section */
		398FCFA9580D1E6FAED17DB1 /* Pods-URLSession_Alamofire.debug.xcconfig */ = {isa = PBXFileReference; includeInIndex = 1; lastKnownFileType = text.xcconfig; name = "Pods-URLSession_Alamofire.debug.xcconfig"; path = "Target Support Files/Pods-URLSession_Alamofire/Pods-URLSession_Alamofire.debug.xcconfig"; sourceTree = "<group>"; };
		461C83A5294BA012DD9CCCF5 /* Pods_URLSession_Alamofire.framework */ = {isa = PBXFileReference; explicitFileType = wrapper.framework; includeInIndex = 0; path = Pods_URLSession_Alamofire.framework; sourceTree = BUILT_PRODUCTS_DIR; };
		863B400728E4705C002A94C9 /* Model.swift */ = {isa = PBXFileReference; lastKnownFileType = sourcecode.swift; path = Model.swift; sourceTree = "<group>"; };
		863B400928E473B2002A94C9 /* Networking.swift */ = {isa = PBXFileReference; lastKnownFileType = sourcecode.swift; path = Networking.swift; sourceTree = "<group>"; };
		863B400D28E4766F002A94C9 /* ListView.swift */ = {isa = PBXFileReference; lastKnownFileType = sourcecode.swift; path = ListView.swift; sourceTree = "<group>"; };
		863B400F28E4A973002A94C9 /* AlamofireView.swift */ = {isa = PBXFileReference; lastKnownFileType = sourcecode.swift; path = AlamofireView.swift; sourceTree = "<group>"; };
		863B401128E4A979002A94C9 /* SessionView.swift */ = {isa = PBXFileReference; lastKnownFileType = sourcecode.swift; path = SessionView.swift; sourceTree = "<group>"; };
		86A9819828E46B9500E11C9E /* URLSession_Alamofire.app */ = {isa = PBXFileReference; explicitFileType = wrapper.application; includeInIndex = 0; path = URLSession_Alamofire.app; sourceTree = BUILT_PRODUCTS_DIR; };
		86A9819B28E46B9500E11C9E /* URLSession_AlamofireApp.swift */ = {isa = PBXFileReference; lastKnownFileType = sourcecode.swift; path = URLSession_AlamofireApp.swift; sourceTree = "<group>"; };
		86A9819D28E46B9500E11C9E /* ContentView.swift */ = {isa = PBXFileReference; lastKnownFileType = sourcecode.swift; path = ContentView.swift; sourceTree = "<group>"; };
		86A9819F28E46B9700E11C9E /* Assets.xcassets */ = {isa = PBXFileReference; lastKnownFileType = folder.assetcatalog; path = Assets.xcassets; sourceTree = "<group>"; };
		86A981A228E46B9700E11C9E /* Preview Assets.xcassets */ = {isa = PBXFileReference; lastKnownFileType = folder.assetcatalog; path = "Preview Assets.xcassets"; sourceTree = "<group>"; };
		CC595A897D8A3F925E2A81DA /* Pods-URLSession_Alamofire.release.xcconfig */ = {isa = PBXFileReference; includeInIndex = 1; lastKnownFileType = text.xcconfig; name = "Pods-URLSession_Alamofire.release.xcconfig"; path = "Target Support Files/Pods-URLSession_Alamofire/Pods-URLSession_Alamofire.release.xcconfig"; sourceTree = "<group>"; };
/* End PBXFileReference section */

/* Begin PBXFrameworksBuildPhase section */
		86A9819528E46B9500E11C9E /* Frameworks */ = {
			isa = PBXFrameworksBuildPhase;
			buildActionMask = 2147483647;
			files = (
				6F351A756EEDCD94D343AEE1 /* Pods_URLSession_Alamofire.framework in Frameworks */,
			);
			runOnlyForDeploymentPostprocessing = 0;
		};
/* End PBXFrameworksBuildPhase section */

/* Begin PBXGroup section */
		0E01674690FA1D3E0EDD4B30 /* Pods */ = {
			isa = PBXGroup;
			children = (
				398FCFA9580D1E6FAED17DB1 /* Pods-URLSession_Alamofire.debug.xcconfig */,
				CC595A897D8A3F925E2A81DA /* Pods-URLSession_Alamofire.release.xcconfig */,
			);
			path = Pods;
			sourceTree = "<group>";
		};
		71B554E24E853F25B3D41E8D /* Frameworks */ = {
			isa = PBXGroup;
			children = (
				461C83A5294BA012DD9CCCF5 /* Pods_URLSession_Alamofire.framework */,
			);
			name = Frameworks;
			sourceTree = "<group>";
		};
		86A9818F28E46B9500E11C9E = {
			isa = PBXGroup;
			children = (
				86A9819A28E46B9500E11C9E /* URLSession_Alamofire */,
				86A9819928E46B9500E11C9E /* Products */,
				0E01674690FA1D3E0EDD4B30 /* Pods */,
				71B554E24E853F25B3D41E8D /* Frameworks */,
			);
			sourceTree = "<group>";
		};
		86A9819928E46B9500E11C9E /* Products */ = {
			isa = PBXGroup;
			children = (
				86A9819828E46B9500E11C9E /* URLSession_Alamofire.app */,
			);
			name = Products;
			sourceTree = "<group>";
		};
		86A9819A28E46B9500E11C9E /* URLSession_Alamofire */ = {
			isa = PBXGroup;
			children = (
				86A9819B28E46B9500E11C9E /* URLSession_AlamofireApp.swift */,
				86A9819D28E46B9500E11C9E /* ContentView.swift */,
				863B400728E4705C002A94C9 /* Model.swift */,
				863B400928E473B2002A94C9 /* Networking.swift */,
				863B400D28E4766F002A94C9 /* ListView.swift */,
				863B400F28E4A973002A94C9 /* AlamofireView.swift */,
				863B401128E4A979002A94C9 /* SessionView.swift */,
				86A9819F28E46B9700E11C9E /* Assets.xcassets */,
				86A981A128E46B9700E11C9E /* Preview Content */,
			);
			path = URLSession_Alamofire;
			sourceTree = "<group>";
		};
		86A981A128E46B9700E11C9E /* Preview Content */ = {
			isa = PBXGroup;
			children = (
				86A981A228E46B9700E11C9E /* Preview Assets.xcassets */,
			);
			path = "Preview Content";
			sourceTree = "<group>";
		};
/* End PBXGroup section */

/* Begin PBXNativeTarget section */
		86A9819728E46B9500E11C9E /* URLSession_Alamofire */ = {
			isa = PBXNativeTarget;
			buildConfigurationList = 86A981A628E46B9700E11C9E /* Build configuration list for PBXNativeTarget "URLSession_Alamofire" */;
			buildPhases = (
				4F708996B27696E0EA8AC733 /* [CP] Check Pods Manifest.lock */,
				86A9819428E46B9500E11C9E /* Sources */,
				86A9819528E46B9500E11C9E /* Frameworks */,
				86A9819628E46B9500E11C9E /* Resources */,
				21539E4FBD1C924AA81FE3B0 /* [CP] Embed Pods Frameworks */,
			);
			buildRules = (
			);
			dependencies = (
			);
			name = URLSession_Alamofire;
			productName = URLSession_Alamofire;
			productReference = 86A9819828E46B9500E11C9E /* URLSession_Alamofire.app */;
			productType = "com.apple.product-type.application";
		};
/* End PBXNativeTarget section */

/* Begin PBXProject section */
		86A9819028E46B9500E11C9E /* Project object */ = {
			isa = PBXProject;
			attributes = {
				BuildIndependentTargetsInParallel = 1;
				LastSwiftUpdateCheck = 1340;
				LastUpgradeCheck = 1340;
				TargetAttributes = {
					86A9819728E46B9500E11C9E = {
						CreatedOnToolsVersion = 13.4;
					};
				};
			};
			buildConfigurationList = 86A9819328E46B9500E11C9E /* Build configuration list for PBXProject "URLSession_Alamofire" */;
			compatibilityVersion = "Xcode 13.0";
			developmentRegion = en;
			hasScannedForEncodings = 0;
			knownRegions = (
				en,
				Base,
			);
			mainGroup = 86A9818F28E46B9500E11C9E;
			productRefGroup = 86A9819928E46B9500E11C9E /* Products */;
			projectDirPath = "";
			projectRoot = "";
			targets = (
				86A9819728E46B9500E11C9E /* URLSession_Alamofire */,
			);
		};
/* End PBXProject section */

/* Begin PBXResourcesBuildPhase section */
		86A9819628E46B9500E11C9E /* Resources */ = {
			isa = PBXResourcesBuildPhase;
			buildActionMask = 2147483647;
			files = (
				86A981A328E46B9700E11C9E /* Preview Assets.xcassets in Resources */,
				86A981A028E46B9700E11C9E /* Assets.xcassets in Resources */,
			);
			runOnlyForDeploymentPostprocessing = 0;
		};
/* End PBXResourcesBuildPhase section */

/* Begin PBXShellScriptBuildPhase section */
		21539E4FBD1C924AA81FE3B0 /* [CP] Embed Pods Frameworks */ = {
			isa = PBXShellScriptBuildPhase;
			buildActionMask = 2147483647;
			files = (
			);
			inputFileListPaths = (
				"${PODS_ROOT}/Target Support Files/Pods-URLSession_Alamofire/Pods-URLSession_Alamofire-frameworks-${CONFIGURATION}-input-files.xcfilelist",
			);
			name = "[CP] Embed Pods Frameworks";
			outputFileListPaths = (
				"${PODS_ROOT}/Target Support Files/Pods-URLSession_Alamofire/Pods-URLSession_Alamofire-frameworks-${CONFIGURATION}-output-files.xcfilelist",
			);
			runOnlyForDeploymentPostprocessing = 0;
			shellPath = /bin/sh;
			shellScript = "\"${PODS_ROOT}/Target Support Files/Pods-URLSession_Alamofire/Pods-URLSession_Alamofire-frameworks.sh\"\n";
			showEnvVarsInLog = 0;
		};
		4F708996B27696E0EA8AC733 /* [CP] Check Pods Manifest.lock */ = {
			isa = PBXShellScriptBuildPhase;
			buildActionMask = 2147483647;
			files = (
			);
			inputFileListPaths = (
			);
			inputPaths = (
				"${PODS_PODFILE_DIR_PATH}/Podfile.lock",
				"${PODS_ROOT}/Manifest.lock",
			);
			name = "[CP] Check Pods Manifest.lock";
			outputFileListPaths = (
			);
			outputPaths = (
				"$(DERIVED_FILE_DIR)/Pods-URLSession_Alamofire-checkManifestLockResult.txt",
			);
			runOnlyForDeploymentPostprocessing = 0;
			shellPath = /bin/sh;
			shellScript = "diff \"${PODS_PODFILE_DIR_PATH}/Podfile.lock\" \"${PODS_ROOT}/Manifest.lock\" > /dev/null\nif [ $? != 0 ] ; then\n    # print error to STDERR\n    echo \"error: The sandbox is not in sync with the Podfile.lock. Run 'pod install' or update your CocoaPods installation.\" >&2\n    exit 1\nfi\n# This output is used by Xcode 'outputs' to avoid re-running this script phase.\necho \"SUCCESS\" > \"${SCRIPT_OUTPUT_FILE_0}\"\n";
			showEnvVarsInLog = 0;
		};
/* End PBXShellScriptBuildPhase section */

/* Begin PBXSourcesBuildPhase section */
		86A9819428E46B9500E11C9E /* Sources */ = {
			isa = PBXSourcesBuildPhase;
			buildActionMask = 2147483647;
			files = (
				863B401228E4A979002A94C9 /* SessionView.swift in Sources */,
				863B400828E4705C002A94C9 /* Model.swift in Sources */,
				86A9819E28E46B9500E11C9E /* ContentView.swift in Sources */,
				863B400E28E4766F002A94C9 /* ListView.swift in Sources */,
				86A9819C28E46B9500E11C9E /* URLSession_AlamofireApp.swift in Sources */,
				863B400A28E473B2002A94C9 /* Networking.swift in Sources */,
				863B401028E4A973002A94C9 /* AlamofireView.swift in Sources */,
			);
			runOnlyForDeploymentPostprocessing = 0;
		};
/* End PBXSourcesBuildPhase section */

/* Begin XCBuildConfiguration section */
		86A981A428E46B9700E11C9E /* Debug */ = {
			isa = XCBuildConfiguration;
			buildSettings = {
				ALWAYS_SEARCH_USER_PATHS = NO;
				CLANG_ANALYZER_NONNULL = YES;
				CLANG_ANALYZER_NUMBER_OBJECT_CONVERSION = YES_AGGRESSIVE;
				CLANG_CXX_LANGUAGE_STANDARD = "gnu++17";
				CLANG_ENABLE_MODULES = YES;
				CLANG_ENABLE_OBJC_ARC = YES;
				CLANG_ENABLE_OBJC_WEAK = YES;
				CLANG_WARN_BLOCK_CAPTURE_AUTORELEASING = YES;
				CLANG_WARN_BOOL_CONVERSION = YES;
				CLANG_WARN_COMMA = YES;
				CLANG_WARN_CONSTANT_CONVERSION = YES;
				CLANG_WARN_DEPRECATED_OBJC_IMPLEMENTATIONS = YES;
				CLANG_WARN_DIRECT_OBJC_ISA_USAGE = YES_ERROR;
				CLANG_WARN_DOCUMENTATION_COMMENTS = YES;
				CLANG_WARN_EMPTY_BODY = YES;
				CLANG_WARN_ENUM_CONVERSION = YES;
				CLANG_WARN_INFINITE_RECURSION = YES;
				CLANG_WARN_INT_CONVERSION = YES;
				CLANG_WARN_NON_LITERAL_NULL_CONVERSION = YES;
				CLANG_WARN_OBJC_IMPLICIT_RETAIN_SELF = YES;
				CLANG_WARN_OBJC_LITERAL_CONVERSION = YES;
				CLANG_WARN_OBJC_ROOT_CLASS = YES_ERROR;
				CLANG_WARN_QUOTED_INCLUDE_IN_FRAMEWORK_HEADER = YES;
				CLANG_WARN_RANGE_LOOP_ANALYSIS = YES;
				CLANG_WARN_STRICT_PROTOTYPES = YES;
				CLANG_WARN_SUSPICIOUS_MOVE = YES;
				CLANG_WARN_UNGUARDED_AVAILABILITY = YES_AGGRESSIVE;
				CLANG_WARN_UNREACHABLE_CODE = YES;
				CLANG_WARN__DUPLICATE_METHOD_MATCH = YES;
				COPY_PHASE_STRIP = NO;
				DEBUG_INFORMATION_FORMAT = dwarf;
				ENABLE_STRICT_OBJC_MSGSEND = YES;
				ENABLE_TESTABILITY = YES;
				GCC_C_LANGUAGE_STANDARD = gnu11;
				GCC_DYNAMIC_NO_PIC = NO;
				GCC_NO_COMMON_BLOCKS = YES;
				GCC_OPTIMIZATION_LEVEL = 0;
				GCC_PREPROCESSOR_DEFINITIONS = (
					"DEBUG=1",
					"$(inherited)",
				);
				GCC_WARN_64_TO_32_BIT_CONVERSION = YES;
				GCC_WARN_ABOUT_RETURN_TYPE = YES_ERROR;
				GCC_WARN_UNDECLARED_SELECTOR = YES;
				GCC_WARN_UNINITIALIZED_AUTOS = YES_AGGRESSIVE;
				GCC_WARN_UNUSED_FUNCTION = YES;
				GCC_WARN_UNUSED_VARIABLE = YES;
				IPHONEOS_DEPLOYMENT_TARGET = 15.5;
				MTL_ENABLE_DEBUG_INFO = INCLUDE_SOURCE;
				MTL_FAST_MATH = YES;
				ONLY_ACTIVE_ARCH = YES;
				SDKROOT = iphoneos;
				SWIFT_ACTIVE_COMPILATION_CONDITIONS = DEBUG;
				SWIFT_OPTIMIZATION_LEVEL = "-Onone";
			};
			name = Debug;
		};
		86A981A528E46B9700E11C9E /* Release */ = {
			isa = XCBuildConfiguration;
			buildSettings = {
				ALWAYS_SEARCH_USER_PATHS = NO;
				CLANG_ANALYZER_NONNULL = YES;
				CLANG_ANALYZER_NUMBER_OBJECT_CONVERSION = YES_AGGRESSIVE;
				CLANG_CXX_LANGUAGE_STANDARD = "gnu++17";
				CLANG_ENABLE_MODULES = YES;
				CLANG_ENABLE_OBJC_ARC = YES;
				CLANG_ENABLE_OBJC_WEAK = YES;
				CLANG_WARN_BLOCK_CAPTURE_AUTORELEASING = YES;
				CLANG_WARN_BOOL_CONVERSION = YES;
				CLANG_WARN_COMMA = YES;
				CLANG_WARN_CONSTANT_CONVERSION = YES;
				CLANG_WARN_DEPRECATED_OBJC_IMPLEMENTATIONS = YES;
				CLANG_WARN_DIRECT_OBJC_ISA_USAGE = YES_ERROR;
				CLANG_WARN_DOCUMENTATION_COMMENTS = YES;
				CLANG_WARN_EMPTY_BODY = YES;
				CLANG_WARN_ENUM_CONVERSION = YES;
				CLANG_WARN_INFINITE_RECURSION = YES;
				CLANG_WARN_INT_CONVERSION = YES;
				CLANG_WARN_NON_LITERAL_NULL_CONVERSION = YES;
				CLANG_WARN_OBJC_IMPLICIT_RETAIN_SELF = YES;
				CLANG_WARN_OBJC_LITERAL_CONVERSION = YES;
				CLANG_WARN_OBJC_ROOT_CLASS = YES_ERROR;
				CLANG_WARN_QUOTED_INCLUDE_IN_FRAMEWORK_HEADER = YES;
				CLANG_WARN_RANGE_LOOP_ANALYSIS = YES;
				CLANG_WARN_STRICT_PROTOTYPES = YES;
				CLANG_WARN_SUSPICIOUS_MOVE = YES;
				CLANG_WARN_UNGUARDED_AVAILABILITY = YES_AGGRESSIVE;
				CLANG_WARN_UNREACHABLE_CODE = YES;
				CLANG_WARN__DUPLICATE_METHOD_MATCH = YES;
				COPY_PHASE_STRIP = NO;
				DEBUG_INFORMATION_FORMAT = "dwarf-with-dsym";
				ENABLE_NS_ASSERTIONS = NO;
				ENABLE_STRICT_OBJC_MSGSEND = YES;
				GCC_C_LANGUAGE_STANDARD = gnu11;
				GCC_NO_COMMON_BLOCKS = YES;
				GCC_WARN_64_TO_32_BIT_CONVERSION = YES;
				GCC_WARN_ABOUT_RETURN_TYPE = YES_ERROR;
				GCC_WARN_UNDECLARED_SELECTOR = YES;
				GCC_WARN_UNINITIALIZED_AUTOS = YES_AGGRESSIVE;
				GCC_WARN_UNUSED_FUNCTION = YES;
				GCC_WARN_UNUSED_VARIABLE = YES;
				IPHONEOS_DEPLOYMENT_TARGET = 15.5;
				MTL_ENABLE_DEBUG_INFO = NO;
				MTL_FAST_MATH = YES;
				SDKROOT = iphoneos;
				SWIFT_COMPILATION_MODE = wholemodule;
				SWIFT_OPTIMIZATION_LEVEL = "-O";
				VALIDATE_PRODUCT = YES;
			};
			name = Release;
		};
		86A981A728E46B9700E11C9E /* Debug */ = {
			isa = XCBuildConfiguration;
			baseConfigurationReference = 398FCFA9580D1E6FAED17DB1 /* Pods-URLSession_Alamofire.debug.xcconfig */;
			buildSettings = {
				ASSETCATALOG_COMPILER_APPICON_NAME = AppIcon;
				ASSETCATALOG_COMPILER_GLOBAL_ACCENT_COLOR_NAME = AccentColor;
				CODE_SIGN_STYLE = Automatic;
				CURRENT_PROJECT_VERSION = 1;
				DEVELOPMENT_ASSET_PATHS = "\"URLSession_Alamofire/Preview Content\"";
				DEVELOPMENT_TEAM = 3R7XZ6SCLH;
				ENABLE_PREVIEWS = YES;
				GENERATE_INFOPLIST_FILE = YES;
				INFOPLIST_KEY_UIApplicationSceneManifest_Generation = YES;
				INFOPLIST_KEY_UIApplicationSupportsIndirectInputEvents = YES;
				INFOPLIST_KEY_UILaunchScreen_Generation = YES;
				INFOPLIST_KEY_UISupportedInterfaceOrientations_iPad = "UIInterfaceOrientationPortrait UIInterfaceOrientationPortraitUpsideDown UIInterfaceOrientationLandscapeLeft UIInterfaceOrientationLandscapeRight";
				INFOPLIST_KEY_UISupportedInterfaceOrientations_iPhone = "UIInterfaceOrientationPortrait UIInterfaceOrientationLandscapeLeft UIInterfaceOrientationLandscapeRight";
				LD_RUNPATH_SEARCH_PATHS = (
					"$(inherited)",
					"@executable_path/Frameworks",
				);
				MARKETING_VERSION = 1.0;
				PRODUCT_BUNDLE_IDENTIFIER = "Minion.URLSession-Alamofire";
				PRODUCT_NAME = "$(TARGET_NAME)";
				SWIFT_EMIT_LOC_STRINGS = YES;
				SWIFT_VERSION = 5.0;
				TARGETED_DEVICE_FAMILY = "1,2";
			};
			name = Debug;
		};
		86A981A828E46B9700E11C9E /* Release */ = {
			isa = XCBuildConfiguration;
			baseConfigurationReference = CC595A897D8A3F925E2A81DA /* Pods-URLSession_Alamofire.release.xcconfig */;
			buildSettings = {
				ASSETCATALOG_COMPILER_APPICON_NAME = AppIcon;
				ASSETCATALOG_COMPILER_GLOBAL_ACCENT_COLOR_NAME = AccentColor;
				CODE_SIGN_STYLE = Automatic;
				CURRENT_PROJECT_VERSION = 1;
				DEVELOPMENT_ASSET_PATHS = "\"URLSession_Alamofire/Preview Content\"";
				DEVELOPMENT_TEAM = 3R7XZ6SCLH;
				ENABLE_PREVIEWS = YES;
				GENERATE_INFOPLIST_FILE = YES;
				INFOPLIST_KEY_UIApplicationSceneManifest_Generation = YES;
				INFOPLIST_KEY_UIApplicationSupportsIndirectInputEvents = YES;
				INFOPLIST_KEY_UILaunchScreen_Generation = YES;
				INFOPLIST_KEY_UISupportedInterfaceOrientations_iPad = "UIInterfaceOrientationPortrait UIInterfaceOrientationPortraitUpsideDown UIInterfaceOrientationLandscapeLeft UIInterfaceOrientationLandscapeRight";
				INFOPLIST_KEY_UISupportedInterfaceOrientations_iPhone = "UIInterfaceOrientationPortrait UIInterfaceOrientationLandscapeLeft UIInterfaceOrientationLandscapeRight";
				LD_RUNPATH_SEARCH_PATHS = (
					"$(inherited)",
					"@executable_path/Frameworks",
				);
				MARKETING_VERSION = 1.0;
				PRODUCT_BUNDLE_IDENTIFIER = "Minion.URLSession-Alamofire";
				PRODUCT_NAME = "$(TARGET_NAME)";
				SWIFT_EMIT_LOC_STRINGS = YES;
				SWIFT_VERSION = 5.0;
				TARGETED_DEVICE_FAMILY = "1,2";
			};
			name = Release;
		};
/* End XCBuildConfiguration section */

/* Begin XCConfigurationList section */
		86A9819328E46B9500E11C9E /* Build configuration list for PBXProject "URLSession_Alamofire" */ = {
			isa = XCConfigurationList;
			buildConfigurations = (
				86A981A428E46B9700E11C9E /* Debug */,
				86A981A528E46B9700E11C9E /* Release */,
			);
			defaultConfigurationIsVisible = 0;
			defaultConfigurationName = Release;
		};
		86A981A628E46B9700E11C9E /* Build configuration list for PBXNativeTarget "URLSession_Alamofire" */ = {
			isa = XCConfigurationList;
			buildConfigurations = (
				86A981A728E46B9700E11C9E /* Debug */,
				86A981A828E46B9700E11C9E /* Release */,
			);
			defaultConfigurationIsVisible = 0;
			defaultConfigurationName = Release;
		};
/* End XCConfigurationList section */
	};
	rootObject = 86A9819028E46B9500E11C9E /* Project object */;
}
